<?xml version="1.0" encoding="UTF-8"?>
<Scheme
<<<<<<< HEAD
   LastUpgradeVersion = "1300"
=======
<<<<<<< HEAD
   LastUpgradeVersion = "1300"
=======
<<<<<<< HEAD
<<<<<<< HEAD
   LastUpgradeVersion = "1300"
=======
   LastUpgradeVersion = "1510"
>>>>>>> 91ada8e3ae45d451fda9917c6d014f925e30e54c
=======
   LastUpgradeVersion = "1300"
>>>>>>> 4d8a1679c8fd3545bb711970263e6223a7d445a4
>>>>>>> 931b82405e7a8edfc4743cbab7ab90b315791c7c
>>>>>>> 7ba61d27233680a6f95338ab6f282461ebdf19c1
   version = "1.3">
   <BuildAction
      parallelizeBuildables = "YES"
      buildImplicitDependencies = "YES">
      <BuildActionEntries>
         <BuildActionEntry
            buildForTesting = "YES"
            buildForRunning = "YES"
            buildForProfiling = "YES"
            buildForArchiving = "YES"
            buildForAnalyzing = "YES">
            <BuildableReference
               BuildableIdentifier = "primary"
               BlueprintIdentifier = "97C146ED1CF9000F007C117D"
               BuildableName = "Runner.app"
               BlueprintName = "Runner"
               ReferencedContainer = "container:Runner.xcodeproj">
            </BuildableReference>
         </BuildActionEntry>
      </BuildActionEntries>
   </BuildAction>
   <TestAction
      buildConfiguration = "Debug"
      selectedDebuggerIdentifier = "Xcode.DebuggerFoundation.Debugger.LLDB"
      selectedLauncherIdentifier = "Xcode.DebuggerFoundation.Launcher.LLDB"
      shouldUseLaunchSchemeArgsEnv = "YES">
      <MacroExpansion>
         <BuildableReference
            BuildableIdentifier = "primary"
            BlueprintIdentifier = "97C146ED1CF9000F007C117D"
            BuildableName = "Runner.app"
            BlueprintName = "Runner"
            ReferencedContainer = "container:Runner.xcodeproj">
         </BuildableReference>
      </MacroExpansion>
      <Testables>
<<<<<<< HEAD
=======
<<<<<<< HEAD
=======
<<<<<<< HEAD
<<<<<<< HEAD
=======
         <TestableReference
            skipped = "NO"
            parallelizable = "YES">
            <BuildableReference
               BuildableIdentifier = "primary"
               BlueprintIdentifier = "331C8080294A63A400263BE5"
               BuildableName = "RunnerTests.xctest"
               BlueprintName = "RunnerTests"
               ReferencedContainer = "container:Runner.xcodeproj">
            </BuildableReference>
         </TestableReference>
>>>>>>> 91ada8e3ae45d451fda9917c6d014f925e30e54c
=======
>>>>>>> 4d8a1679c8fd3545bb711970263e6223a7d445a4
>>>>>>> 931b82405e7a8edfc4743cbab7ab90b315791c7c
>>>>>>> 7ba61d27233680a6f95338ab6f282461ebdf19c1
      </Testables>
   </TestAction>
   <LaunchAction
      buildConfiguration = "Debug"
      selectedDebuggerIdentifier = "Xcode.DebuggerFoundation.Debugger.LLDB"
      selectedLauncherIdentifier = "Xcode.DebuggerFoundation.Launcher.LLDB"
      launchStyle = "0"
      useCustomWorkingDirectory = "NO"
      ignoresPersistentStateOnLaunch = "NO"
      debugDocumentVersioning = "YES"
      debugServiceExtension = "internal"
      allowLocationSimulation = "YES">
      <BuildableProductRunnable
         runnableDebuggingMode = "0">
         <BuildableReference
            BuildableIdentifier = "primary"
            BlueprintIdentifier = "97C146ED1CF9000F007C117D"
            BuildableName = "Runner.app"
            BlueprintName = "Runner"
            ReferencedContainer = "container:Runner.xcodeproj">
         </BuildableReference>
      </BuildableProductRunnable>
   </LaunchAction>
   <ProfileAction
      buildConfiguration = "Profile"
      shouldUseLaunchSchemeArgsEnv = "YES"
      savedToolIdentifier = ""
      useCustomWorkingDirectory = "NO"
      debugDocumentVersioning = "YES">
      <BuildableProductRunnable
         runnableDebuggingMode = "0">
         <BuildableReference
            BuildableIdentifier = "primary"
            BlueprintIdentifier = "97C146ED1CF9000F007C117D"
            BuildableName = "Runner.app"
            BlueprintName = "Runner"
            ReferencedContainer = "container:Runner.xcodeproj">
         </BuildableReference>
      </BuildableProductRunnable>
   </ProfileAction>
   <AnalyzeAction
      buildConfiguration = "Debug">
   </AnalyzeAction>
   <ArchiveAction
      buildConfiguration = "Release"
      revealArchiveInOrganizer = "YES">
   </ArchiveAction>
</Scheme>
